
Microsoft Visual Studio Solution File, Format Version 12.00
# Visual Studio Version 17
VisualStudioVersion = 17.7.34031.279
MinimumVisualStudioVersion = 10.0.40219.1
Project("{FAE04EC0-301F-11D3-BF4B-00C04F79EFBC}") = "ISRE", "ISRE.csproj", "{27D88621-6FE4-4B40-BD8E-6E8D63044957}"
EndProject
Global
	GlobalSection(SolutionConfigurationPlatforms) = preSolution
		Debug|Any CPU = Debug|Any CPU
		Release|Any CPU = Release|Any CPU
	EndGlobalSection
	GlobalSection(ProjectConfigurationPlatforms) = postSolution
		{27D88621-6FE4-4B40-BD8E-6E8D63044957}.Debug|Any CPU.ActiveCfg = Debug|Any CPU
		{27D88621-6FE4-4B40-BD8E-6E8D63044957}.Debug|Any CPU.Build.0 = Debug|Any CPU
		{27D88621-6FE4-4B40-BD8E-6E8D63044957}.Release|Any CPU.ActiveCfg = Release|Any CPU
		{27D88621-6FE4-4B40-BD8E-6E8D63044957}.Release|Any CPU.Build.0 = Release|Any CPU
	EndGlobalSection
	GlobalSection(SolutionProperties) = preSolution
		HideSolutionNode = FALSE
	EndGlobalSection
	GlobalSection(ExtensibilityGlobals) = postSolution
		SolutionGuid = {034BAF9B-72A0-4284-8280-0B606F42B7F0}
	EndGlobalSection
EndGlobal
